
Microsoft Visual Studio Solution File, Format Version 12.00
# Visual Studio Version 16
VisualStudioVersion = 16.0.31205.134
MinimumVisualStudioVersion = 10.0.40219.1
Project("{FAE04EC0-301F-11D3-BF4B-00C04F79EFBC}") = "SoftwarePipelines", "SoftwarePipelines\SoftwarePipelines.csproj", "{914B9766-62FE-4D7F-B0BC-F87D6BA56306}"
EndProject
Global
	GlobalSection(SolutionConfigurationPlatforms) = preSolution
		Debug|Any CPU = Debug|Any CPU
		Release|Any CPU = Release|Any CPU
	EndGlobalSection
	GlobalSection(ProjectConfigurationPlatforms) = postSolution
		{914B9766-62FE-4D7F-B0BC-F87D6BA56306}.Debug|Any CPU.ActiveCfg = Debug|Any CPU
		{914B9766-62FE-4D7F-B0BC-F87D6BA56306}.Debug|Any CPU.Build.0 = Debug|Any CPU
		{914B9766-62FE-4D7F-B0BC-F87D6BA56306}.Release|Any CPU.ActiveCfg = Release|Any CPU
		{914B9766-62FE-4D7F-B0BC-F87D6BA56306}.Release|Any CPU.Build.0 = Release|Any CPU
	EndGlobalSection
	GlobalSection(SolutionProperties) = preSolution
		HideSolutionNode = FALSE
	EndGlobalSection
	GlobalSection(ExtensibilityGlobals) = postSolution
		SolutionGuid = {6AAE6A43-1CE8-468D-B8BB-D3B61EF2A5BF}
	EndGlobalSection
EndGlobal
